// !$*UTF8*$!
{
	archiveVersion = 1;
	classes = {
	};
	objectVersion = 77;
	objects = {

/* Begin PBXContainerItemProxy section */
		38DFB9E22E6A78440062C8CC /* PBXContainerItemProxy */ = {
			isa = PBXContainerItemProxy;
			containerPortal = 38DFB9CC2E6A78420062C8CC /* Project object */;
			proxyType = 1;
			remoteGlobalIDString = 38DFB9D32E6A78420062C8CC;
			remoteInfo = Timetrack;
		};
		38DFB9EC2E6A78440062C8CC /* PBXContainerItemProxy */ = {
			isa = PBXContainerItemProxy;
			containerPortal = 38DFB9CC2E6A78420062C8CC /* Project object */;
			proxyType = 1;
			remoteGlobalIDString = 38DFB9D32E6A78420062C8CC;
			remoteInfo = Timetrack;
		};
/* End PBXContainerItemProxy section */

/* Begin PBXFileReference section */
		38DFB9D42E6A78420062C8CC /* Timetrack.app */ = {isa = PBXFileReference; explicitFileType = wrapper.application; includeInIndex = 0; path = Timetrack.app; sourceTree = BUILT_PRODUCTS_DIR; };
		38DFB9E12E6A78440062C8CC /* TimetrackTests.xctest */ = {isa = PBXFileReference; explicitFileType = wrapper.cfbundle; includeInIndex = 0; path = TimetrackTests.xctest; sourceTree = BUILT_PRODUCTS_DIR; };
		38DFB9EB2E6A78440062C8CC /* TimetrackUITests.xctest */ = {isa = PBXFileReference; explicitFileType = wrapper.cfbundle; includeInIndex = 0; path = TimetrackUITests.xctest; sourceTree = BUILT_PRODUCTS_DIR; };
/* End PBXFileReference section */

/* Begin PBXFileSystemSynchronizedRootGroup section */
		38DFB9D62E6A78420062C8CC /* Timetrack */ = {
			isa = PBXFileSystemSynchronizedRootGroup;
			path = Timetrack;
			sourceTree = "<group>";
		};
		38DFB9E42E6A78440062C8CC /* TimetrackTests */ = {
			isa = PBXFileSystemSynchronizedRootGroup;
			path = TimetrackTests;
			sourceTree = "<group>";
		};
		38DFB9EE2E6A78440062C8CC /* TimetrackUITests */ = {
			isa = PBXFileSystemSynchronizedRootGroup;
			path = TimetrackUITests;
			sourceTree = "<group>";
		};
/* End PBXFileSystemSynchronizedRootGroup section */

/* Begin PBXFrameworksBuildPhase section */
		38DFB9D12E6A78420062C8CC /* Frameworks */ = {
			isa = PBXFrameworksBuildPhase;
			buildActionMask = 2147483647;
			files = (
			);
			runOnlyForDeploymentPostprocessing = 0;
		};
		38DFB9DE2E6A78440062C8CC /* Frameworks */ = {
			isa = PBXFrameworksBuildPhase;
			buildActionMask = 2147483647;
			files = (
			);
			runOnlyForDeploymentPostprocessing = 0;
		};
		38DFB9E82E6A78440062C8CC /* Frameworks */ = {
			isa = PBXFrameworksBuildPhase;
			buildActionMask = 2147483647;
			files = (
			);
			runOnlyForDeploymentPostprocessing = 0;
		};
/* End PBXFrameworksBuildPhase section */

/* Begin PBXGroup section */
		38DFB9CB2E6A78420062C8CC = {
			isa = PBXGroup;
			children = (
				38DFB9D62E6A78420062C8CC /* Timetrack */,
				38DFB9E42E6A78440062C8CC /* TimetrackTests */,
				38DFB9EE2E6A78440062C8CC /* TimetrackUITests */,
				38DFB9D52E6A78420062C8CC /* Products */,
			);
			sourceTree = "<group>";
		};
		38DFB9D52E6A78420062C8CC /* Products */ = {
			isa = PBXGroup;
			children = (
				38DFB9D42E6A78420062C8CC /* Timetrack.app */,
				38DFB9E12E6A78440062C8CC /* TimetrackTests.xctest */,
				38DFB9EB2E6A78440062C8CC /* TimetrackUITests.xctest */,
			);
			name = Products;
			sourceTree = "<group>";
		};
/* End PBXGroup section */

/* Begin PBXNativeTarget section */
		38DFB9D32E6A78420062C8CC /* Timetrack */ = {
			isa = PBXNativeTarget;
			buildConfigurationList = 38DFB9F52E6A78440062C8CC /* Build configuration list for PBXNativeTarget "Timetrack" */;
			buildPhases = (
				38DFB9D02E6A78420062C8CC /* Sources */,
				38DFB9D12E6A78420062C8CC /* Frameworks */,
				38DFB9D22E6A78420062C8CC /* Resources */,
			);
			buildRules = (
			);
			dependencies = (
			);
			fileSystemSynchronizedGroups = (
				38DFB9D62E6A78420062C8CC /* Timetrack */,
			);
			name = Timetrack;
			packageProductDependencies = (
			);
			productName = Timetrack;
			productReference = 38DFB9D42E6A78420062C8CC /* Timetrack.app */;
			productType = "com.apple.product-type.application";
		};
		38DFB9E02E6A78440062C8CC /* TimetrackTests */ = {
			isa = PBXNativeTarget;
			buildConfigurationList = 38DFB9F82E6A78440062C8CC /* Build configuration list for PBXNativeTarget "TimetrackTests" */;
			buildPhases = (
				38DFB9DD2E6A78440062C8CC /* Sources */,
				38DFB9DE2E6A78440062C8CC /* Frameworks */,
				38DFB9DF2E6A78440062C8CC /* Resources */,
			);
			buildRules = (
			);
			dependencies = (
				38DFB9E32E6A78440062C8CC /* PBXTargetDependency */,
			);
			fileSystemSynchronizedGroups = (
				38DFB9E42E6A78440062C8CC /* TimetrackTests */,
			);
			name = TimetrackTests;
			packageProductDependencies = (
			);
			productName = TimetrackTests;
			productReference = 38DFB9E12E6A78440062C8CC /* TimetrackTests.xctest */;
			productType = "com.apple.product-type.bundle.unit-test";
		};
		38DFB9EA2E6A78440062C8CC /* TimetrackUITests */ = {
			isa = PBXNativeTarget;
			buildConfigurationList = 38DFB9FB2E6A78440062C8CC /* Build configuration list for PBXNativeTarget "TimetrackUITests" */;
			buildPhases = (
				38DFB9E72E6A78440062C8CC /* Sources */,
				38DFB9E82E6A78440062C8CC /* Frameworks */,
				38DFB9E92E6A78440062C8CC /* Resources */,
			);
			buildRules = (
			);
			dependencies = (
				38DFB9ED2E6A78440062C8CC /* PBXTargetDependency */,
			);
			fileSystemSynchronizedGroups = (
				38DFB9EE2E6A78440062C8CC /* TimetrackUITests */,
			);
			name = TimetrackUITests;
			packageProductDependencies = (
			);
			productName = TimetrackUITests;
			productReference = 38DFB9EB2E6A78440062C8CC /* TimetrackUITests.xctest */;
			productType = "com.apple.product-type.bundle.ui-testing";
		};
/* End PBXNativeTarget section */

/* Begin PBXProject section */
		38DFB9CC2E6A78420062C8CC /* Project object */ = {
			isa = PBXProject;
			attributes = {
				BuildIndependentTargetsInParallel = 1;
				LastSwiftUpdateCheck = 1640;
				LastUpgradeCheck = 1640;
				TargetAttributes = {
					38DFB9D32E6A78420062C8CC = {
						CreatedOnToolsVersion = 16.4;
					};
					38DFB9E02E6A78440062C8CC = {
						CreatedOnToolsVersion = 16.4;
						TestTargetID = 38DFB9D32E6A78420062C8CC;
					};
					38DFB9EA2E6A78440062C8CC = {
						CreatedOnToolsVersion = 16.4;
						TestTargetID = 38DFB9D32E6A78420062C8CC;
					};
				};
			};
			buildConfigurationList = 38DFB9CF2E6A78420062C8CC /* Build configuration list for PBXProject "Timetrack" */;
			developmentRegion = en;
			hasScannedForEncodings = 0;
			knownRegions = (
				en,
				Base,
			);
			mainGroup = 38DFB9CB2E6A78420062C8CC;
			minimizedProjectReferenceProxies = 1;
			preferredProjectObjectVersion = 77;
			productRefGroup = 38DFB9D52E6A78420062C8CC /* Products */;
			projectDirPath = "";
			projectRoot = "";
			targets = (
				38DFB9D32E6A78420062C8CC /* Timetrack */,
				38DFB9E02E6A78440062C8CC /* TimetrackTests */,
				38DFB9EA2E6A78440062C8CC /* TimetrackUITests */,
			);
		};
/* End PBXProject section */

/* Begin PBXResourcesBuildPhase section */
		38DFB9D22E6A78420062C8CC /* Resources */ = {
			isa = PBXResourcesBuildPhase;
			buildActionMask = 2147483647;
			files = (
			);
			runOnlyForDeploymentPostprocessing = 0;
		};
		38DFB9DF2E6A78440062C8CC /* Resources */ = {
			isa = PBXResourcesBuildPhase;
			buildActionMask = 2147483647;
			files = (
			);
			runOnlyForDeploymentPostprocessing = 0;
		};
		38DFB9E92E6A78440062C8CC /* Resources */ = {
			isa = PBXResourcesBuildPhase;
			buildActionMask = 2147483647;
			files = (
			);
			runOnlyForDeploymentPostprocessing = 0;
		};
/* End PBXResourcesBuildPhase section */

/* Begin PBXSourcesBuildPhase section */
		38DFB9D02E6A78420062C8CC /* Sources */ = {
			isa = PBXSourcesBuildPhase;
			buildActionMask = 2147483647;
			files = (
			);
			runOnlyForDeploymentPostprocessing = 0;
		};
		38DFB9DD2E6A78440062C8CC /* Sources */ = {
			isa = PBXSourcesBuildPhase;
			buildActionMask = 2147483647;
			files = (
			);
			runOnlyForDeploymentPostprocessing = 0;
		};
		38DFB9E72E6A78440062C8CC /* Sources */ = {
			isa = PBXSourcesBuildPhase;
			buildActionMask = 2147483647;
			files = (
			);
			runOnlyForDeploymentPostprocessing = 0;
		};
/* End PBXSourcesBuildPhase section */

/* Begin PBXTargetDependency section */
		38DFB9E32E6A78440062C8CC /* PBXTargetDependency */ = {
			isa = PBXTargetDependency;
			target = 38DFB9D32E6A78420062C8CC /* Timetrack */;
			targetProxy = 38DFB9E22E6A78440062C8CC /* PBXContainerItemProxy */;
		};
		38DFB9ED2E6A78440062C8CC /* PBXTargetDependency */ = {
			isa = PBXTargetDependency;
			target = 38DFB9D32E6A78420062C8CC /* Timetrack */;
			targetProxy = 38DFB9EC2E6A78440062C8CC /* PBXContainerItemProxy */;
		};
/* End PBXTargetDependency section */

/* Begin XCBuildConfiguration section */
		38DFB9F32E6A78440062C8CC /* Debug */ = {
			isa = XCBuildConfiguration;
			buildSettings = {
				ALWAYS_SEARCH_USER_PATHS = NO;
				ASSETCATALOG_COMPILER_GENERATE_SWIFT_ASSET_SYMBOL_EXTENSIONS = YES;
				CLANG_ANALYZER_NONNULL = YES;
				CLANG_ANALYZER_NUMBER_OBJECT_CONVERSION = YES_AGGRESSIVE;
				CLANG_CXX_LANGUAGE_STANDARD = "gnu++20";
				CLANG_ENABLE_MODULES = YES;
				CLANG_ENABLE_OBJC_ARC = YES;
				CLANG_ENABLE_OBJC_WEAK = YES;
				CLANG_WARN_BLOCK_CAPTURE_AUTORELEASING = YES;
				CLANG_WARN_BOOL_CONVERSION = YES;
				CLANG_WARN_COMMA = YES;
				CLANG_WARN_CONSTANT_CONVERSION = YES;
				CLANG_WARN_DEPRECATED_OBJC_IMPLEMENTATIONS = YES;
				CLANG_WARN_DIRECT_OBJC_ISA_USAGE = YES_ERROR;
				CLANG_WARN_DOCUMENTATION_COMMENTS = YES;
				CLANG_WARN_EMPTY_BODY = YES;
				CLANG_WARN_ENUM_CONVERSION = YES;
				CLANG_WARN_INFINITE_RECURSION = YES;
				CLANG_WARN_INT_CONVERSION = YES;
				CLANG_WARN_NON_LITERAL_NULL_CONVERSION = YES;
				CLANG_WARN_OBJC_IMPLICIT_RETAIN_SELF = YES;
				CLANG_WARN_OBJC_LITERAL_CONVERSION = YES;
				CLANG_WARN_OBJC_ROOT_CLASS = YES_ERROR;
				CLANG_WARN_QUOTED_INCLUDE_IN_FRAMEWORK_HEADER = YES;
				CLANG_WARN_RANGE_LOOP_ANALYSIS = YES;
				CLANG_WARN_STRICT_PROTOTYPES = YES;
				CLANG_WARN_SUSPICIOUS_MOVE = YES;
				CLANG_WARN_UNGUARDED_AVAILABILITY = YES_AGGRESSIVE;
				CLANG_WARN_UNREACHABLE_CODE = YES;
				CLANG_WARN__DUPLICATE_METHOD_MATCH = YES;
				COPY_PHASE_STRIP = NO;
				DEBUG_INFORMATION_FORMAT = dwarf;
				DEVELOPMENT_TEAM = BCFAZ48S56;
				ENABLE_STRICT_OBJC_MSGSEND = YES;
				ENABLE_TESTABILITY = YES;
				ENABLE_USER_SCRIPT_SANDBOXING = YES;
				GCC_C_LANGUAGE_STANDARD = gnu17;
				GCC_DYNAMIC_NO_PIC = NO;
				GCC_NO_COMMON_BLOCKS = YES;
				GCC_OPTIMIZATION_LEVEL = 0;
				GCC_PREPROCESSOR_DEFINITIONS = (
					"DEBUG=1",
					"$(inherited)",
				);
				GCC_WARN_64_TO_32_BIT_CONVERSION = YES;
				GCC_WARN_ABOUT_RETURN_TYPE = YES_ERROR;
				GCC_WARN_UNDECLARED_SELECTOR = YES;
				GCC_WARN_UNINITIALIZED_AUTOS = YES_AGGRESSIVE;
				GCC_WARN_UNUSED_FUNCTION = YES;
				GCC_WARN_UNUSED_VARIABLE = YES;
				IPHONEOS_DEPLOYMENT_TARGET = 18.5;
				LOCALIZATION_PREFERS_STRING_CATALOGS = YES;
				MTL_ENABLE_DEBUG_INFO = INCLUDE_SOURCE;
				MTL_FAST_MATH = YES;
				ONLY_ACTIVE_ARCH = YES;
				SDKROOT = iphoneos;
				SWIFT_ACTIVE_COMPILATION_CONDITIONS = "DEBUG $(inherited)";
				SWIFT_OPTIMIZATION_LEVEL = "-Onone";
			};
			name = Debug;
		};
		38DFB9F42E6A78440062C8CC /* Release */ = {
			isa = XCBuildConfiguration;
			buildSettings = {
				ALWAYS_SEARCH_USER_PATHS = NO;
				ASSETCATALOG_COMPILER_GENERATE_SWIFT_ASSET_SYMBOL_EXTENSIONS = YES;
				CLANG_ANALYZER_NONNULL = YES;
				CLANG_ANALYZER_NUMBER_OBJECT_CONVERSION = YES_AGGRESSIVE;
				CLANG_CXX_LANGUAGE_STANDARD = "gnu++20";
				CLANG_ENABLE_MODULES = YES;
				CLANG_ENABLE_OBJC_ARC = YES;
				CLANG_ENABLE_OBJC_WEAK = YES;
				CLANG_WARN_BLOCK_CAPTURE_AUTORELEASING = YES;
				CLANG_WARN_BOOL_CONVERSION = YES;
				CLANG_WARN_COMMA = YES;
				CLANG_WARN_CONSTANT_CONVERSION = YES;
				CLANG_WARN_DEPRECATED_OBJC_IMPLEMENTATIONS = YES;
				CLANG_WARN_DIRECT_OBJC_ISA_USAGE = YES_ERROR;
				CLANG_WARN_DOCUMENTATION_COMMENTS = YES;
				CLANG_WARN_EMPTY_BODY = YES;
				CLANG_WARN_ENUM_CONVERSION = YES;
				CLANG_WARN_INFINITE_RECURSION = YES;
				CLANG_WARN_INT_CONVERSION = YES;
				CLANG_WARN_NON_LITERAL_NULL_CONVERSION = YES;
				CLANG_WARN_OBJC_IMPLICIT_RETAIN_SELF = YES;
				CLANG_WARN_OBJC_LITERAL_CONVERSION = YES;
				CLANG_WARN_OBJC_ROOT_CLASS = YES_ERROR;
				CLANG_WARN_QUOTED_INCLUDE_IN_FRAMEWORK_HEADER = YES;
				CLANG_WARN_RANGE_LOOP_ANALYSIS = YES;
				CLANG_WARN_STRICT_PROTOTYPES = YES;
				CLANG_WARN_SUSPICIOUS_MOVE = YES;
				CLANG_WARN_UNGUARDED_AVAILABILITY = YES_AGGRESSIVE;
				CLANG_WARN_UNREACHABLE_CODE = YES;
				CLANG_WARN__DUPLICATE_METHOD_MATCH = YES;
				COPY_PHASE_STRIP = NO;
				DEBUG_INFORMATION_FORMAT = "dwarf-with-dsym";
				DEVELOPMENT_TEAM = BCFAZ48S56;
				ENABLE_NS_ASSERTIONS = NO;
				ENABLE_STRICT_OBJC_MSGSEND = YES;
				ENABLE_USER_SCRIPT_SANDBOXING = YES;
				GCC_C_LANGUAGE_STANDARD = gnu17;
				GCC_NO_COMMON_BLOCKS = YES;
				GCC_WARN_64_TO_32_BIT_CONVERSION = YES;
				GCC_WARN_ABOUT_RETURN_TYPE = YES_ERROR;
				GCC_WARN_UNDECLARED_SELECTOR = YES;
				GCC_WARN_UNINITIALIZED_AUTOS = YES_AGGRESSIVE;
				GCC_WARN_UNUSED_FUNCTION = YES;
				GCC_WARN_UNUSED_VARIABLE = YES;
				IPHONEOS_DEPLOYMENT_TARGET = 18.5;
				LOCALIZATION_PREFERS_STRING_CATALOGS = YES;
				MTL_ENABLE_DEBUG_INFO = NO;
				MTL_FAST_MATH = YES;
				SDKROOT = iphoneos;
				SWIFT_COMPILATION_MODE = wholemodule;
				VALIDATE_PRODUCT = YES;
			};
			name = Release;
		};
		38DFB9F62E6A78440062C8CC /* Debug */ = {
			isa = XCBuildConfiguration;
			buildSettings = {
				ASSETCATALOG_COMPILER_APPICON_NAME = AppIcon;
				ASSETCATALOG_COMPILER_GLOBAL_ACCENT_COLOR_NAME = AccentColor;
				CODE_SIGN_STYLE = Automatic;
				CURRENT_PROJECT_VERSION = 1;
				DEVELOPMENT_TEAM = BCFAZ48S56;
				ENABLE_PREVIEWS = YES;
				GENERATE_INFOPLIST_FILE = YES;
				INFOPLIST_KEY_UIApplicationSceneManifest_Generation = YES;
				INFOPLIST_KEY_UIApplicationSupportsIndirectInputEvents = YES;
				INFOPLIST_KEY_UILaunchScreen_Generation = YES;
				INFOPLIST_KEY_UISupportedInterfaceOrientations_iPad = "UIInterfaceOrientationPortrait UIInterfaceOrientationPortraitUpsideDown UIInterfaceOrientationLandscapeLeft UIInterfaceOrientationLandscapeRight";
				INFOPLIST_KEY_UISupportedInterfaceOrientations_iPhone = "UIInterfaceOrientationPortrait UIInterfaceOrientationLandscapeLeft UIInterfaceOrientationLandscapeRight";
				LD_RUNPATH_SEARCH_PATHS = (
					"$(inherited)",
					"@executable_path/Frameworks",
				);
				MARKETING_VERSION = 1.0;
				PRODUCT_BUNDLE_IDENTIFIER = com.timetrack.ios.Timetrack;
				PRODUCT_NAME = "$(TARGET_NAME)";
				SWIFT_EMIT_LOC_STRINGS = YES;
				SWIFT_VERSION = 5.0;
				TARGETED_DEVICE_FAMILY = "1,2";
			};
			name = Debug;
		};
		38DFB9F72E6A78440062C8CC /* Release */ = {
			isa = XCBuildConfiguration;
			buildSettings = {
				ASSETCATALOG_COMPILER_APPICON_NAME = AppIcon;
				ASSETCATALOG_COMPILER_GLOBAL_ACCENT_COLOR_NAME = AccentColor;
				CODE_SIGN_STYLE = Automatic;
				CURRENT_PROJECT_VERSION = 1;
				DEVELOPMENT_TEAM = BCFAZ48S56;
				ENABLE_PREVIEWS = YES;
				GENERATE_INFOPLIST_FILE = YES;
				INFOPLIST_KEY_UIApplicationSceneManifest_Generation = YES;
				INFOPLIST_KEY_UIApplicationSupportsIndirectInputEvents = YES;
				INFOPLIST_KEY_UILaunchScreen_Generation = YES;
				INFOPLIST_KEY_UISupportedInterfaceOrientations_iPad = "UIInterfaceOrientationPortrait UIInterfaceOrientationPortraitUpsideDown UIInterfaceOrientationLandscapeLeft UIInterfaceOrientationLandscapeRight";
				INFOPLIST_KEY_UISupportedInterfaceOrientations_iPhone = "UIInterfaceOrientationPortrait UIInterfaceOrientationLandscapeLeft UIInterfaceOrientationLandscapeRight";
				LD_RUNPATH_SEARCH_PATHS = (
					"$(inherited)",
					"@executable_path/Frameworks",
				);
				MARKETING_VERSION = 1.0;
				PRODUCT_BUNDLE_IDENTIFIER = com.timetrack.ios.Timetrack;
				PRODUCT_NAME = "$(TARGET_NAME)";
				SWIFT_EMIT_LOC_STRINGS = YES;
				SWIFT_VERSION = 5.0;
				TARGETED_DEVICE_FAMILY = "1,2";
			};
			name = Release;
		};
		38DFB9F92E6A78440062C8CC /* Debug */ = {
			isa = XCBuildConfiguration;
			buildSettings = {
				BUNDLE_LOADER = "$(TEST_HOST)";
				CODE_SIGN_STYLE = Automatic;
				CURRENT_PROJECT_VERSION = 1;
				DEVELOPMENT_TEAM = BCFAZ48S56;
				GENERATE_INFOPLIST_FILE = YES;
				IPHONEOS_DEPLOYMENT_TARGET = 18.5;
				MARKETING_VERSION = 1.0;
				PRODUCT_BUNDLE_IDENTIFIER = com.timetrack.ios.TimetrackTests;
				PRODUCT_NAME = "$(TARGET_NAME)";
				SWIFT_EMIT_LOC_STRINGS = NO;
				SWIFT_VERSION = 5.0;
				TARGETED_DEVICE_FAMILY = "1,2";
				TEST_HOST = "$(BUILT_PRODUCTS_DIR)/Timetrack.app/$(BUNDLE_EXECUTABLE_FOLDER_PATH)/Timetrack";
			};
			name = Debug;
		};
		38DFB9FA2E6A78440062C8CC /* Release */ = {
			isa = XCBuildConfiguration;
			buildSettings = {
				BUNDLE_LOADER = "$(TEST_HOST)";
				CODE_SIGN_STYLE = Automatic;
				CURRENT_PROJECT_VERSION = 1;
				DEVELOPMENT_TEAM = BCFAZ48S56;
				GENERATE_INFOPLIST_FILE = YES;
				IPHONEOS_DEPLOYMENT_TARGET = 18.5;
				MARKETING_VERSION = 1.0;
				PRODUCT_BUNDLE_IDENTIFIER = com.timetrack.ios.TimetrackTests;
				PRODUCT_NAME = "$(TARGET_NAME)";
				SWIFT_EMIT_LOC_STRINGS = NO;
				SWIFT_VERSION = 5.0;
				TARGETED_DEVICE_FAMILY = "1,2";
				TEST_HOST = "$(BUILT_PRODUCTS_DIR)/Timetrack.app/$(BUNDLE_EXECUTABLE_FOLDER_PATH)/Timetrack";
			};
			name = Release;
		};
		38DFB9FC2E6A78440062C8CC /* Debug */ = {
			isa = XCBuildConfiguration;
			buildSettings = {
				CODE_SIGN_STYLE = Automatic;
				CURRENT_PROJECT_VERSION = 1;
				DEVELOPMENT_TEAM = BCFAZ48S56;
				GENERATE_INFOPLIST_FILE = YES;
				MARKETING_VERSION = 1.0;
				PRODUCT_BUNDLE_IDENTIFIER = com.timetrack.ios.TimetrackUITests;
				PRODUCT_NAME = "$(TARGET_NAME)";
				SWIFT_EMIT_LOC_STRINGS = NO;
				SWIFT_VERSION = 5.0;
				TARGETED_DEVICE_FAMILY = "1,2";
				TEST_TARGET_NAME = Timetrack;
			};
			name = Debug;
		};
		38DFB9FD2E6A78440062C8CC /* Release */ = {
			isa = XCBuildConfiguration;
			buildSettings = {
				CODE_SIGN_STYLE = Automatic;
				CURRENT_PROJECT_VERSION = 1;
				DEVELOPMENT_TEAM = BCFAZ48S56;
				GENERATE_INFOPLIST_FILE = YES;
				MARKETING_VERSION = 1.0;
				PRODUCT_BUNDLE_IDENTIFIER = com.timetrack.ios.TimetrackUITests;
				PRODUCT_NAME = "$(TARGET_NAME)";
				SWIFT_EMIT_LOC_STRINGS = NO;
				SWIFT_VERSION = 5.0;
				TARGETED_DEVICE_FAMILY = "1,2";
				TEST_TARGET_NAME = Timetrack;
			};
			name = Release;
		};
/* End XCBuildConfiguration section */

/* Begin XCConfigurationList section */
		38DFB9CF2E6A78420062C8CC /* Build configuration list for PBXProject "Timetrack" */ = {
			isa = XCConfigurationList;
			buildConfigurations = (
				38DFB9F32E6A78440062C8CC /* Debug */,
				38DFB9F42E6A78440062C8CC /* Release */,
			);
			defaultConfigurationIsVisible = 0;
			defaultConfigurationName = Release;
		};
		38DFB9F52E6A78440062C8CC /* Build configuration list for PBXNativeTarget "Timetrack" */ = {
			isa = XCConfigurationList;
			buildConfigurations = (
				38DFB9F62E6A78440062C8CC /* Debug */,
				38DFB9F72E6A78440062C8CC /* Release */,
			);
			defaultConfigurationIsVisible = 0;
			defaultConfigurationName = Release;
		};
		38DFB9F82E6A78440062C8CC /* Build configuration list for PBXNativeTarget "TimetrackTests" */ = {
			isa = XCConfigurationList;
			buildConfigurations = (
				38DFB9F92E6A78440062C8CC /* Debug */,
				38DFB9FA2E6A78440062C8CC /* Release */,
			);
			defaultConfigurationIsVisible = 0;
			defaultConfigurationName = Release;
		};
		38DFB9FB2E6A78440062C8CC /* Build configuration list for PBXNativeTarget "TimetrackUITests" */ = {
			isa = XCConfigurationList;
			buildConfigurations = (
				38DFB9FC2E6A78440062C8CC /* Debug */,
				38DFB9FD2E6A78440062C8CC /* Release */,
			);
			defaultConfigurationIsVisible = 0;
			defaultConfigurationName = Release;
		};
/* End XCConfigurationList section */
	};
	rootObject = 38DFB9CC2E6A78420062C8CC /* Project object */;
}
